PODS:
  - Sentry (5.1.6):
    - Sentry/Core (= 5.1.6)
  - Sentry/Core (5.1.6)

DEPENDENCIES:
  - Sentry (from `https://github.com/getsentry/sentry-cocoa.git`, tag `5.1.6`)

EXTERNAL SOURCES:
  Sentry:
    :git: https://github.com/getsentry/sentry-cocoa.git
    :tag: 5.1.6

CHECKOUT OPTIONS:
  Sentry:
    :git: https://github.com/getsentry/sentry-cocoa.git
    :tag: 5.1.6

SPEC CHECKSUMS:
  Sentry: e5796ec31a481474d2f94553213278470f9e302d

PODFILE CHECKSUM: 7f8b80a77c4085254b823cc8ad51a8765229cd69

COCOAPODS: 1.7.4
